
Microsoft Visual Studio Solution File, Format Version 12.00
# Visual Studio Version 16
VisualStudioVersion = 16.0.31019.35
MinimumVisualStudioVersion = 10.0.40219.1
Project("{FAE04EC0-301F-11D3-BF4B-00C04F79EFBC}") = "LinkedList", "Homework04\LinkedList.csproj", "{88253624-97D4-49BD-86BC-F77B5AF53D64}"
EndProject
Project("{FAE04EC0-301F-11D3-BF4B-00C04F79EFBC}") = "Alarm", "Alarm\Alarm.csproj", "{E2E20DA5-A3F2-4385-B4E9-6ACB28B6408F}"
EndProject
Global
	GlobalSection(SolutionConfigurationPlatforms) = preSolution
		Debug|Any CPU = Debug|Any CPU
		Release|Any CPU = Release|Any CPU
	EndGlobalSection
	GlobalSection(ProjectConfigurationPlatforms) = postSolution
		{88253624-97D4-49BD-86BC-F77B5AF53D64}.Debug|Any CPU.ActiveCfg = Debug|Any CPU
		{88253624-97D4-49BD-86BC-F77B5AF53D64}.Debug|Any CPU.Build.0 = Debug|Any CPU
		{88253624-97D4-49BD-86BC-F77B5AF53D64}.Release|Any CPU.ActiveCfg = Release|Any CPU
		{88253624-97D4-49BD-86BC-F77B5AF53D64}.Release|Any CPU.Build.0 = Release|Any CPU
		{E2E20DA5-A3F2-4385-B4E9-6ACB28B6408F}.Debug|Any CPU.ActiveCfg = Debug|Any CPU
		{E2E20DA5-A3F2-4385-B4E9-6ACB28B6408F}.Debug|Any CPU.Build.0 = Debug|Any CPU
		{E2E20DA5-A3F2-4385-B4E9-6ACB28B6408F}.Release|Any CPU.ActiveCfg = Release|Any CPU
		{E2E20DA5-A3F2-4385-B4E9-6ACB28B6408F}.Release|Any CPU.Build.0 = Release|Any CPU
	EndGlobalSection
	GlobalSection(SolutionProperties) = preSolution
		HideSolutionNode = FALSE
	EndGlobalSection
	GlobalSection(ExtensibilityGlobals) = postSolution
		SolutionGuid = {7110353E-6506-4B47-A324-2CE33FBBB563}
	EndGlobalSection
EndGlobal
